
Microsoft Visual Studio Solution File, Format Version 12.00
# Visual Studio Version 17
VisualStudioVersion = 17.9.34728.123
MinimumVisualStudioVersion = 10.0.40219.1
Project("{FAE04EC0-301F-11D3-BF4B-00C04F79EFBC}") = "Programme_poo", "Programme_poo\Programme_poo.csproj", "{9370A5AA-2960-45A6-B377-3C7D92F2A23E}"
EndProject
Global
	GlobalSection(SolutionConfigurationPlatforms) = preSolution
		Debug|Any CPU = Debug|Any CPU
		Release|Any CPU = Release|Any CPU
	EndGlobalSection
	GlobalSection(ProjectConfigurationPlatforms) = postSolution
		{9370A5AA-2960-45A6-B377-3C7D92F2A23E}.Debug|Any CPU.ActiveCfg = Debug|Any CPU
		{9370A5AA-2960-45A6-B377-3C7D92F2A23E}.Debug|Any CPU.Build.0 = Debug|Any CPU
		{9370A5AA-2960-45A6-B377-3C7D92F2A23E}.Release|Any CPU.ActiveCfg = Release|Any CPU
		{9370A5AA-2960-45A6-B377-3C7D92F2A23E}.Release|Any CPU.Build.0 = Release|Any CPU
	EndGlobalSection
	GlobalSection(SolutionProperties) = preSolution
		HideSolutionNode = FALSE
	EndGlobalSection
	GlobalSection(ExtensibilityGlobals) = postSolution
		SolutionGuid = {0A2D6753-FA95-4287-BC67-4EEDAE2264C9}
	EndGlobalSection
EndGlobal
