
Microsoft Visual Studio Solution File, Format Version 12.00
# Visual Studio Version 17
VisualStudioVersion = 17.10.35122.118
MinimumVisualStudioVersion = 10.0.40219.1
Project("{FAE04EC0-301F-11D3-BF4B-00C04F79EFBC}") = "Fichier_performances", "Fichier_performances\Fichier_performances.csproj", "{4FD5277C-F6BE-48B9-B9CA-EC3ED036312A}"
EndProject
Global
	GlobalSection(SolutionConfigurationPlatforms) = preSolution
		Debug|Any CPU = Debug|Any CPU
		Release|Any CPU = Release|Any CPU
	EndGlobalSection
	GlobalSection(ProjectConfigurationPlatforms) = postSolution
		{4FD5277C-F6BE-48B9-B9CA-EC3ED036312A}.Debug|Any CPU.ActiveCfg = Debug|Any CPU
		{4FD5277C-F6BE-48B9-B9CA-EC3ED036312A}.Debug|Any CPU.Build.0 = Debug|Any CPU
		{4FD5277C-F6BE-48B9-B9CA-EC3ED036312A}.Release|Any CPU.ActiveCfg = Release|Any CPU
		{4FD5277C-F6BE-48B9-B9CA-EC3ED036312A}.Release|Any CPU.Build.0 = Release|Any CPU
	EndGlobalSection
	GlobalSection(SolutionProperties) = preSolution
		HideSolutionNode = FALSE
	EndGlobalSection
	GlobalSection(ExtensibilityGlobals) = postSolution
		SolutionGuid = {D87F0C0D-E3DA-410D-9573-8977553A1206}
	EndGlobalSection
EndGlobal
