
Microsoft Visual Studio Solution File, Format Version 12.00
# Visual Studio Version 17
VisualStudioVersion = 17.9.34728.123
MinimumVisualStudioVersion = 10.0.40219.1
Project("{FAE04EC0-301F-11D3-BF4B-00C04F79EFBC}") = "Projet_pizza_v1", "Projet_pizza_v1\Projet_pizza_v1.csproj", "{C1EDFC0E-5848-4E40-A65B-5E9636E39191}"
EndProject
Global
	GlobalSection(SolutionConfigurationPlatforms) = preSolution
		Debug|Any CPU = Debug|Any CPU
		Release|Any CPU = Release|Any CPU
	EndGlobalSection
	GlobalSection(ProjectConfigurationPlatforms) = postSolution
		{C1EDFC0E-5848-4E40-A65B-5E9636E39191}.Debug|Any CPU.ActiveCfg = Debug|Any CPU
		{C1EDFC0E-5848-4E40-A65B-5E9636E39191}.Debug|Any CPU.Build.0 = Debug|Any CPU
		{C1EDFC0E-5848-4E40-A65B-5E9636E39191}.Release|Any CPU.ActiveCfg = Release|Any CPU
		{C1EDFC0E-5848-4E40-A65B-5E9636E39191}.Release|Any CPU.Build.0 = Release|Any CPU
	EndGlobalSection
	GlobalSection(SolutionProperties) = preSolution
		HideSolutionNode = FALSE
	EndGlobalSection
	GlobalSection(ExtensibilityGlobals) = postSolution
		SolutionGuid = {6F718FD0-75F1-4564-A70A-BB34EB3B7890}
	EndGlobalSection
EndGlobal
