
Microsoft Visual Studio Solution File, Format Version 12.00
# Visual Studio Version 17
VisualStudioVersion = 17.9.34728.123
MinimumVisualStudioVersion = 10.0.40219.1
Project("{FAE04EC0-301F-11D3-BF4B-00C04F79EFBC}") = "BoucleForEach", "BoucleForEach\BoucleForEach.csproj", "{6617ACAA-6D9F-4F46-AAAF-CCC4DEC887FE}"
EndProject
Global
	GlobalSection(SolutionConfigurationPlatforms) = preSolution
		Debug|Any CPU = Debug|Any CPU
		Release|Any CPU = Release|Any CPU
	EndGlobalSection
	GlobalSection(ProjectConfigurationPlatforms) = postSolution
		{6617ACAA-6D9F-4F46-AAAF-CCC4DEC887FE}.Debug|Any CPU.ActiveCfg = Debug|Any CPU
		{6617ACAA-6D9F-4F46-AAAF-CCC4DEC887FE}.Debug|Any CPU.Build.0 = Debug|Any CPU
		{6617ACAA-6D9F-4F46-AAAF-CCC4DEC887FE}.Release|Any CPU.ActiveCfg = Release|Any CPU
		{6617ACAA-6D9F-4F46-AAAF-CCC4DEC887FE}.Release|Any CPU.Build.0 = Release|Any CPU
	EndGlobalSection
	GlobalSection(SolutionProperties) = preSolution
		HideSolutionNode = FALSE
	EndGlobalSection
	GlobalSection(ExtensibilityGlobals) = postSolution
		SolutionGuid = {6BB4D22A-84AA-4A5B-B188-4CBDD0BA4C5C}
	EndGlobalSection
EndGlobal
