
Microsoft Visual Studio Solution File, Format Version 12.00
# Visual Studio Version 17
VisualStudioVersion = 17.9.34728.123
MinimumVisualStudioVersion = 10.0.40219.1
Project("{FAE04EC0-301F-11D3-BF4B-00C04F79EFBC}") = "Generateur_phrases_aleatoires", "Generateur_phrases_aleatoires\Generateur_phrases_aleatoires.csproj", "{10639E9D-9010-4D8F-A9C7-2B68858C92D8}"
EndProject
Global
	GlobalSection(SolutionConfigurationPlatforms) = preSolution
		Debug|Any CPU = Debug|Any CPU
		Release|Any CPU = Release|Any CPU
	EndGlobalSection
	GlobalSection(ProjectConfigurationPlatforms) = postSolution
		{10639E9D-9010-4D8F-A9C7-2B68858C92D8}.Debug|Any CPU.ActiveCfg = Debug|Any CPU
		{10639E9D-9010-4D8F-A9C7-2B68858C92D8}.Debug|Any CPU.Build.0 = Debug|Any CPU
		{10639E9D-9010-4D8F-A9C7-2B68858C92D8}.Release|Any CPU.ActiveCfg = Release|Any CPU
		{10639E9D-9010-4D8F-A9C7-2B68858C92D8}.Release|Any CPU.Build.0 = Release|Any CPU
	EndGlobalSection
	GlobalSection(SolutionProperties) = preSolution
		HideSolutionNode = FALSE
	EndGlobalSection
	GlobalSection(ExtensibilityGlobals) = postSolution
		SolutionGuid = {134FA680-745B-445F-8E57-9FF4495A58CA}
	EndGlobalSection
EndGlobal
