
Microsoft Visual Studio Solution File, Format Version 12.00
# Visual Studio Version 17
VisualStudioVersion = 17.9.34728.123
MinimumVisualStudioVersion = 10.0.40219.1
Project("{FAE04EC0-301F-11D3-BF4B-00C04F79EFBC}") = "programme_fichiers", "programme_fichiers\programme_fichiers.csproj", "{5030C283-1C3E-4C55-B7F8-5C73FEE3BF61}"
EndProject
Global
	GlobalSection(SolutionConfigurationPlatforms) = preSolution
		Debug|Any CPU = Debug|Any CPU
		Release|Any CPU = Release|Any CPU
	EndGlobalSection
	GlobalSection(ProjectConfigurationPlatforms) = postSolution
		{5030C283-1C3E-4C55-B7F8-5C73FEE3BF61}.Debug|Any CPU.ActiveCfg = Debug|Any CPU
		{5030C283-1C3E-4C55-B7F8-5C73FEE3BF61}.Debug|Any CPU.Build.0 = Debug|Any CPU
		{5030C283-1C3E-4C55-B7F8-5C73FEE3BF61}.Release|Any CPU.ActiveCfg = Release|Any CPU
		{5030C283-1C3E-4C55-B7F8-5C73FEE3BF61}.Release|Any CPU.Build.0 = Release|Any CPU
	EndGlobalSection
	GlobalSection(SolutionProperties) = preSolution
		HideSolutionNode = FALSE
	EndGlobalSection
	GlobalSection(ExtensibilityGlobals) = postSolution
		SolutionGuid = {6033FB72-4D69-4661-8077-7605F8995731}
	EndGlobalSection
EndGlobal
