
Microsoft Visual Studio Solution File, Format Version 12.00
# Visual Studio Version 17
VisualStudioVersion = 17.11.35222.181
MinimumVisualStudioVersion = 10.0.40219.1
Project("{FAE04EC0-301F-11D3-BF4B-00C04F79EFBC}") = "programme_reseau_download", "programme_reseau_download\programme_reseau_download.csproj", "{FAA6EE6D-0F1E-43E6-A79B-3C129CF5EFD3}"
EndProject
Global
	GlobalSection(SolutionConfigurationPlatforms) = preSolution
		Debug|Any CPU = Debug|Any CPU
		Release|Any CPU = Release|Any CPU
	EndGlobalSection
	GlobalSection(ProjectConfigurationPlatforms) = postSolution
		{FAA6EE6D-0F1E-43E6-A79B-3C129CF5EFD3}.Debug|Any CPU.ActiveCfg = Debug|Any CPU
		{FAA6EE6D-0F1E-43E6-A79B-3C129CF5EFD3}.Debug|Any CPU.Build.0 = Debug|Any CPU
		{FAA6EE6D-0F1E-43E6-A79B-3C129CF5EFD3}.Release|Any CPU.ActiveCfg = Release|Any CPU
		{FAA6EE6D-0F1E-43E6-A79B-3C129CF5EFD3}.Release|Any CPU.Build.0 = Release|Any CPU
	EndGlobalSection
	GlobalSection(SolutionProperties) = preSolution
		HideSolutionNode = FALSE
	EndGlobalSection
	GlobalSection(ExtensibilityGlobals) = postSolution
		SolutionGuid = {27040180-E752-4C73-BABE-EDFB5D69A4A7}
	EndGlobalSection
EndGlobal
