
Microsoft Visual Studio Solution File, Format Version 12.00
# Visual Studio Version 17
VisualStudioVersion = 17.11.35222.181
MinimumVisualStudioVersion = 10.0.40219.1
Project("{FAE04EC0-301F-11D3-BF4B-00C04F79EFBC}") = "ProgrammeDelegates", "ProgrammeDelegates\ProgrammeDelegates.csproj", "{0D96434E-1A03-439E-A7DC-8C79D25608BC}"
EndProject
Global
	GlobalSection(SolutionConfigurationPlatforms) = preSolution
		Debug|Any CPU = Debug|Any CPU
		Release|Any CPU = Release|Any CPU
	EndGlobalSection
	GlobalSection(ProjectConfigurationPlatforms) = postSolution
		{0D96434E-1A03-439E-A7DC-8C79D25608BC}.Debug|Any CPU.ActiveCfg = Debug|Any CPU
		{0D96434E-1A03-439E-A7DC-8C79D25608BC}.Debug|Any CPU.Build.0 = Debug|Any CPU
		{0D96434E-1A03-439E-A7DC-8C79D25608BC}.Release|Any CPU.ActiveCfg = Release|Any CPU
		{0D96434E-1A03-439E-A7DC-8C79D25608BC}.Release|Any CPU.Build.0 = Release|Any CPU
	EndGlobalSection
	GlobalSection(SolutionProperties) = preSolution
		HideSolutionNode = FALSE
	EndGlobalSection
	GlobalSection(ExtensibilityGlobals) = postSolution
		SolutionGuid = {BC683593-BFD5-4FC0-8A9D-AA29DC502E29}
	EndGlobalSection
EndGlobal
