
Microsoft Visual Studio Solution File, Format Version 12.00
# Visual Studio Version 17
VisualStudioVersion = 17.9.34728.123
MinimumVisualStudioVersion = 10.0.40219.1
Project("{FAE04EC0-301F-11D3-BF4B-00C04F79EFBC}") = "Jeux_de_maths", "Jeux_de_maths\Jeux_de_maths.csproj", "{92D70D99-2284-4067-9518-591B3E330319}"
EndProject
Global
	GlobalSection(SolutionConfigurationPlatforms) = preSolution
		Debug|Any CPU = Debug|Any CPU
		Release|Any CPU = Release|Any CPU
	EndGlobalSection
	GlobalSection(ProjectConfigurationPlatforms) = postSolution
		{92D70D99-2284-4067-9518-591B3E330319}.Debug|Any CPU.ActiveCfg = Debug|Any CPU
		{92D70D99-2284-4067-9518-591B3E330319}.Debug|Any CPU.Build.0 = Debug|Any CPU
		{92D70D99-2284-4067-9518-591B3E330319}.Release|Any CPU.ActiveCfg = Release|Any CPU
		{92D70D99-2284-4067-9518-591B3E330319}.Release|Any CPU.Build.0 = Release|Any CPU
	EndGlobalSection
	GlobalSection(SolutionProperties) = preSolution
		HideSolutionNode = FALSE
	EndGlobalSection
	GlobalSection(ExtensibilityGlobals) = postSolution
		SolutionGuid = {383E45B2-610B-4B00-9992-7DEEE05F040C}
	EndGlobalSection
EndGlobal
